
Microsoft Visual Studio Solution File, Format Version 12.00
# Visual Studio Version 17
VisualStudioVersion = 17.4.33213.308
MinimumVisualStudioVersion = 10.0.40219.1
Project("{FAE04EC0-301F-11D3-BF4B-00C04F79EFBC}") = "PDNDTokenSample", "PDNDTokenSample\PDNDTokenSample.csproj", "{ACE65D02-0019-471C-9BB6-0558972C6F62}"
EndProject
Project("{FAE04EC0-301F-11D3-BF4B-00C04F79EFBC}") = "PDNDTokenSample.Core", "PDNDTokenSample.Core\PDNDTokenSample.Core.csproj", "{784B1EDA-2AFA-4FE8-ADA3-9B37450C39A8}"
EndProject
Global
	GlobalSection(SolutionConfigurationPlatforms) = preSolution
		Debug|Any CPU = Debug|Any CPU
		Release|Any CPU = Release|Any CPU
	EndGlobalSection
	GlobalSection(ProjectConfigurationPlatforms) = postSolution
		{ACE65D02-0019-471C-9BB6-0558972C6F62}.Debug|Any CPU.ActiveCfg = Debug|Any CPU
		{ACE65D02-0019-471C-9BB6-0558972C6F62}.Debug|Any CPU.Build.0 = Debug|Any CPU
		{ACE65D02-0019-471C-9BB6-0558972C6F62}.Release|Any CPU.ActiveCfg = Release|Any CPU
		{ACE65D02-0019-471C-9BB6-0558972C6F62}.Release|Any CPU.Build.0 = Release|Any CPU
		{784B1EDA-2AFA-4FE8-ADA3-9B37450C39A8}.Debug|Any CPU.ActiveCfg = Debug|Any CPU
		{784B1EDA-2AFA-4FE8-ADA3-9B37450C39A8}.Debug|Any CPU.Build.0 = Debug|Any CPU
		{784B1EDA-2AFA-4FE8-ADA3-9B37450C39A8}.Release|Any CPU.ActiveCfg = Release|Any CPU
		{784B1EDA-2AFA-4FE8-ADA3-9B37450C39A8}.Release|Any CPU.Build.0 = Release|Any CPU
	EndGlobalSection
	GlobalSection(SolutionProperties) = preSolution
		HideSolutionNode = FALSE
	EndGlobalSection
	GlobalSection(ExtensibilityGlobals) = postSolution
		SolutionGuid = {AF43089D-DA9F-4363-B2E3-5DE2513CF9D1}
	EndGlobalSection
EndGlobal
